// !$*UTF8*$!
{
	archiveVersion = 1;
	classes = {
	};
	objectVersion = 46;
	objects = {

/* Begin PBXBuildFile section */
		2F9C8EC21B4C49F800DC15E4 /* main.m in Sources */ = {isa = PBXBuildFile; fileRef = 2F9C8EC11B4C49F800DC15E4 /* main.m */; };
		2F9C8EC51B4C49F800DC15E4 /* AppDelegate.m in Sources */ = {isa = PBXBuildFile; fileRef = 2F9C8EC41B4C49F800DC15E4 /* AppDelegate.m */; };
		2F9C8EC71B4C49F900DC15E4 /* art.scnassets in Resources */ = {isa = PBXBuildFile; fileRef = 2F9C8EC61B4C49F900DC15E4 /* art.scnassets */; };
		2F9C8ECA1B4C49F900DC15E4 /* GameViewController.m in Sources */ = {isa = PBXBuildFile; fileRef = 2F9C8EC91B4C49F900DC15E4 /* GameViewController.m */; };
		2F9C8ECD1B4C49F900DC15E4 /* Main.storyboard in Resources */ = {isa = PBXBuildFile; fileRef = 2F9C8ECB1B4C49F900DC15E4 /* Main.storyboard */; };
		2F9C8ECF1B4C49F900DC15E4 /* Images.xcassets in Resources */ = {isa = PBXBuildFile; fileRef = 2F9C8ECE1B4C49F900DC15E4 /* Images.xcassets */; };
		2F9C8ED21B4C49F900DC15E4 /* LaunchScreen.xib in Resources */ = {isa = PBXBuildFile; fileRef = 2F9C8ED01B4C49F900DC15E4 /* LaunchScreen.xib */; };
		2F9C8EDE1B4C49F900DC15E4 /* MonsterTests.m in Sources */ = {isa = PBXBuildFile; fileRef = 2F9C8EDD1B4C49F900DC15E4 /* MonsterTests.m */; };
		2F9C8EEA1B4C634600DC15E4 /* SFMonster.m in Sources */ = {isa = PBXBuildFile; fileRef = 2F9C8EE91B4C634600DC15E4 /* SFMonster.m */; };
		2F9C8EEF1B4C63C800DC15E4 /* CoreFoundation.framework in Frameworks */ = {isa = PBXBuildFile; fileRef = 2F9C8EEB1B4C63C800DC15E4 /* CoreFoundation.framework */; };
		2F9C8EF01B4C63C800DC15E4 /* CoreGraphics.framework in Frameworks */ = {isa = PBXBuildFile; fileRef = 2F9C8EEC1B4C63C800DC15E4 /* CoreGraphics.framework */; };
		2F9C8EF11B4C63C800DC15E4 /* CoreImage.framework in Frameworks */ = {isa = PBXBuildFile; fileRef = 2F9C8EED1B4C63C800DC15E4 /* CoreImage.framework */; };
		2F9C8EF21B4C63C800DC15E4 /* CoreLocation.framework in Frameworks */ = {isa = PBXBuildFile; fileRef = 2F9C8EEE1B4C63C800DC15E4 /* CoreLocation.framework */; };
		2F9C8EF41B4C63D900DC15E4 /* SceneKit.framework in Frameworks */ = {isa = PBXBuildFile; fileRef = 2F9C8EF31B4C63D900DC15E4 /* SceneKit.framework */; };
		2F9C8EF61B4C642600DC15E4 /* UIKit.framework in Frameworks */ = {isa = PBXBuildFile; fileRef = 2F9C8EF51B4C642600DC15E4 /* UIKit.framework */; };
		2F9C8EF91B4C659800DC15E4 /* SFPersonality.m in Sources */ = {isa = PBXBuildFile; fileRef = 2F9C8EF81B4C659800DC15E4 /* SFPersonality.m */; };
		2F9C8EFC1B4C80B800DC15E4 /* MyScene.sks in Resources */ = {isa = PBXBuildFile; fileRef = 2F9C8EFB1B4C80B800DC15E4 /* MyScene.sks */; };
		61182234E8334B8A11812FFC /* SFFood.m in Sources */ = {isa = PBXBuildFile; fileRef = 611824F34474A01FAF2C6BDC /* SFFood.m */; };
		611823B9DD920F7ED3CB7AA3 /* SFAttribute.m in Sources */ = {isa = PBXBuildFile; fileRef = 61182841AA691F8812400B52 /* SFAttribute.m */; };
		6118269DFB11349456140FE2 /* SFMood.m in Sources */ = {isa = PBXBuildFile; fileRef = 611828CD13D256777C181DE1 /* SFMood.m */; };
		61182791D7B0624A1256FCE3 /* SFSimulation.m in Sources */ = {isa = PBXBuildFile; fileRef = 61182F454B32946C49AC5B96 /* SFSimulation.m */; };
		611829F7A8818722CB7CB482 /* SFConsequence.m in Sources */ = {isa = PBXBuildFile; fileRef = 61182971C4B2E636D92F9C6C /* SFConsequence.m */; };
		61182E877688F6AF7B63BC28 /* SFAction.m in Sources */ = {isa = PBXBuildFile; fileRef = 611823D4221551BECEF534E4 /* SFAction.m */; };
/* End PBXBuildFile section */

/* Begin PBXContainerItemProxy section */
		2F9C8ED81B4C49F900DC15E4 /* PBXContainerItemProxy */ = {
			isa = PBXContainerItemProxy;
			containerPortal = 2F9C8EB41B4C49F800DC15E4 /* Project object */;
			proxyType = 1;
			remoteGlobalIDString = 2F9C8EBB1B4C49F800DC15E4;
			remoteInfo = Monster;
		};
/* End PBXContainerItemProxy section */

/* Begin PBXFileReference section */
		2F9C8EBC1B4C49F800DC15E4 /* Monster.app */ = {isa = PBXFileReference; explicitFileType = wrapper.application; includeInIndex = 0; path = Monster.app; sourceTree = BUILT_PRODUCTS_DIR; };
		2F9C8EC01B4C49F800DC15E4 /* Info.plist */ = {isa = PBXFileReference; lastKnownFileType = text.plist.xml; path = Info.plist; sourceTree = "<group>"; };
		2F9C8EC11B4C49F800DC15E4 /* main.m */ = {isa = PBXFileReference; lastKnownFileType = sourcecode.c.objc; path = main.m; sourceTree = "<group>"; };
		2F9C8EC31B4C49F800DC15E4 /* AppDelegate.h */ = {isa = PBXFileReference; lastKnownFileType = sourcecode.c.h; path = AppDelegate.h; sourceTree = "<group>"; };
		2F9C8EC41B4C49F800DC15E4 /* AppDelegate.m */ = {isa = PBXFileReference; lastKnownFileType = sourcecode.c.objc; path = AppDelegate.m; sourceTree = "<group>"; };
		2F9C8EC61B4C49F900DC15E4 /* art.scnassets */ = {isa = PBXFileReference; lastKnownFileType = wrapper.scnassets; path = art.scnassets; sourceTree = "<group>"; };
		2F9C8EC81B4C49F900DC15E4 /* GameViewController.h */ = {isa = PBXFileReference; lastKnownFileType = sourcecode.c.h; path = GameViewController.h; sourceTree = "<group>"; };
		2F9C8EC91B4C49F900DC15E4 /* GameViewController.m */ = {isa = PBXFileReference; lastKnownFileType = sourcecode.c.objc; path = GameViewController.m; sourceTree = "<group>"; };
		2F9C8ECC1B4C49F900DC15E4 /* Base */ = {isa = PBXFileReference; lastKnownFileType = file.storyboard; name = Base; path = Base.lproj/Main.storyboard; sourceTree = "<group>"; };
		2F9C8ECE1B4C49F900DC15E4 /* Images.xcassets */ = {isa = PBXFileReference; lastKnownFileType = folder.assetcatalog; path = Images.xcassets; sourceTree = "<group>"; };
		2F9C8ED11B4C49F900DC15E4 /* Base */ = {isa = PBXFileReference; lastKnownFileType = file.xib; name = Base; path = Base.lproj/LaunchScreen.xib; sourceTree = "<group>"; };
		2F9C8ED71B4C49F900DC15E4 /* MonsterTests.xctest */ = {isa = PBXFileReference; explicitFileType = wrapper.cfbundle; includeInIndex = 0; path = MonsterTests.xctest; sourceTree = BUILT_PRODUCTS_DIR; };
		2F9C8EDC1B4C49F900DC15E4 /* Info.plist */ = {isa = PBXFileReference; lastKnownFileType = text.plist.xml; path = Info.plist; sourceTree = "<group>"; };
		2F9C8EDD1B4C49F900DC15E4 /* MonsterTests.m */ = {isa = PBXFileReference; lastKnownFileType = sourcecode.c.objc; path = MonsterTests.m; sourceTree = "<group>"; };
		2F9C8EE81B4C634600DC15E4 /* SFMonster.h */ = {isa = PBXFileReference; fileEncoding = 4; lastKnownFileType = sourcecode.c.h; path = SFMonster.h; sourceTree = "<group>"; };
		2F9C8EE91B4C634600DC15E4 /* SFMonster.m */ = {isa = PBXFileReference; fileEncoding = 4; lastKnownFileType = sourcecode.c.objc; path = SFMonster.m; sourceTree = "<group>"; };
		2F9C8EEB1B4C63C800DC15E4 /* CoreFoundation.framework */ = {isa = PBXFileReference; lastKnownFileType = wrapper.framework; name = CoreFoundation.framework; path = System/Library/Frameworks/CoreFoundation.framework; sourceTree = SDKROOT; };
		2F9C8EEC1B4C63C800DC15E4 /* CoreGraphics.framework */ = {isa = PBXFileReference; lastKnownFileType = wrapper.framework; name = CoreGraphics.framework; path = System/Library/Frameworks/CoreGraphics.framework; sourceTree = SDKROOT; };
		2F9C8EED1B4C63C800DC15E4 /* CoreImage.framework */ = {isa = PBXFileReference; lastKnownFileType = wrapper.framework; name = CoreImage.framework; path = System/Library/Frameworks/CoreImage.framework; sourceTree = SDKROOT; };
		2F9C8EEE1B4C63C800DC15E4 /* CoreLocation.framework */ = {isa = PBXFileReference; lastKnownFileType = wrapper.framework; name = CoreLocation.framework; path = System/Library/Frameworks/CoreLocation.framework; sourceTree = SDKROOT; };
		2F9C8EF31B4C63D900DC15E4 /* SceneKit.framework */ = {isa = PBXFileReference; lastKnownFileType = wrapper.framework; name = SceneKit.framework; path = System/Library/Frameworks/SceneKit.framework; sourceTree = SDKROOT; };
		2F9C8EF51B4C642600DC15E4 /* UIKit.framework */ = {isa = PBXFileReference; lastKnownFileType = wrapper.framework; name = UIKit.framework; path = System/Library/Frameworks/UIKit.framework; sourceTree = SDKROOT; };
		2F9C8EF71B4C659800DC15E4 /* SFPersonality.h */ = {isa = PBXFileReference; fileEncoding = 4; lastKnownFileType = sourcecode.c.h; path = SFPersonality.h; sourceTree = "<group>"; };
		2F9C8EF81B4C659800DC15E4 /* SFPersonality.m */ = {isa = PBXFileReference; fileEncoding = 4; lastKnownFileType = sourcecode.c.objc; path = SFPersonality.m; sourceTree = "<group>"; };
		2F9C8EFA1B4C65B800DC15E4 /* PrefixHeader.pch */ = {isa = PBXFileReference; lastKnownFileType = sourcecode.c.h; path = PrefixHeader.pch; sourceTree = "<group>"; };
		2F9C8EFB1B4C80B800DC15E4 /* MyScene.sks */ = {isa = PBXFileReference; lastKnownFileType = file.sks; path = MyScene.sks; sourceTree = "<group>"; };
		6118222506438E403369619A /* SFAction.h */ = {isa = PBXFileReference; fileEncoding = 4; lastKnownFileType = sourcecode.c.h; path = SFAction.h; sourceTree = "<group>"; };
		611822C880272884C1B090E8 /* SFMood.h */ = {isa = PBXFileReference; fileEncoding = 4; lastKnownFileType = sourcecode.c.h; path = SFMood.h; sourceTree = "<group>"; };
		611823D4221551BECEF534E4 /* SFAction.m */ = {isa = PBXFileReference; fileEncoding = 4; lastKnownFileType = sourcecode.c.objc; path = SFAction.m; sourceTree = "<group>"; };
		611823E62110AE3C87A0C9F5 /* SFSimulatable.h */ = {isa = PBXFileReference; fileEncoding = 4; lastKnownFileType = sourcecode.c.h; path = SFSimulatable.h; sourceTree = "<group>"; };
		611824F34474A01FAF2C6BDC /* SFFood.m */ = {isa = PBXFileReference; fileEncoding = 4; lastKnownFileType = sourcecode.c.objc; path = SFFood.m; sourceTree = "<group>"; };
		611827A240A956F2B19571AD /* SFSimulation.h */ = {isa = PBXFileReference; fileEncoding = 4; lastKnownFileType = sourcecode.c.h; path = SFSimulation.h; sourceTree = "<group>"; };
		61182841AA691F8812400B52 /* SFAttribute.m */ = {isa = PBXFileReference; fileEncoding = 4; lastKnownFileType = sourcecode.c.objc; name = SFAttribute.m; path = Simulation/SFAttribute.m; sourceTree = "<group>"; };
		61182857130F6057230D99A8 /* SFFood.h */ = {isa = PBXFileReference; fileEncoding = 4; lastKnownFileType = sourcecode.c.h; path = SFFood.h; sourceTree = "<group>"; };
		611828CD13D256777C181DE1 /* SFMood.m */ = {isa = PBXFileReference; fileEncoding = 4; lastKnownFileType = sourcecode.c.objc; path = SFMood.m; sourceTree = "<group>"; };
		61182971C4B2E636D92F9C6C /* SFConsequence.m */ = {isa = PBXFileReference; fileEncoding = 4; lastKnownFileType = sourcecode.c.objc; path = SFConsequence.m; sourceTree = "<group>"; };
		61182B202D3483876178094B /* SFAttribute.h */ = {isa = PBXFileReference; fileEncoding = 4; lastKnownFileType = sourcecode.c.h; name = SFAttribute.h; path = Simulation/SFAttribute.h; sourceTree = "<group>"; };
		61182B420D72A4EF8C046CCE /* SFConsequence.h */ = {isa = PBXFileReference; fileEncoding = 4; lastKnownFileType = sourcecode.c.h; path = SFConsequence.h; sourceTree = "<group>"; };
		61182F454B32946C49AC5B96 /* SFSimulation.m */ = {isa = PBXFileReference; fileEncoding = 4; lastKnownFileType = sourcecode.c.objc; path = SFSimulation.m; sourceTree = "<group>"; };
/* End PBXFileReference section */

/* Begin PBXFrameworksBuildPhase section */
		2F9C8EB91B4C49F800DC15E4 /* Frameworks */ = {
			isa = PBXFrameworksBuildPhase;
			buildActionMask = 2147483647;
			files = (
				2F9C8EF61B4C642600DC15E4 /* UIKit.framework in Frameworks */,
				2F9C8EF41B4C63D900DC15E4 /* SceneKit.framework in Frameworks */,
				2F9C8EEF1B4C63C800DC15E4 /* CoreFoundation.framework in Frameworks */,
				2F9C8EF01B4C63C800DC15E4 /* CoreGraphics.framework in Frameworks */,
				2F9C8EF11B4C63C800DC15E4 /* CoreImage.framework in Frameworks */,
				2F9C8EF21B4C63C800DC15E4 /* CoreLocation.framework in Frameworks */,
			);
			runOnlyForDeploymentPostprocessing = 0;
		};
		2F9C8ED41B4C49F900DC15E4 /* Frameworks */ = {
			isa = PBXFrameworksBuildPhase;
			buildActionMask = 2147483647;
			files = (
			);
			runOnlyForDeploymentPostprocessing = 0;
		};
/* End PBXFrameworksBuildPhase section */

/* Begin PBXGroup section */
		2F9C8EB31B4C49F800DC15E4 = {
			isa = PBXGroup;
			children = (
				2F9C8EF51B4C642600DC15E4 /* UIKit.framework */,
				2F9C8EF31B4C63D900DC15E4 /* SceneKit.framework */,
				2F9C8EEB1B4C63C800DC15E4 /* CoreFoundation.framework */,
				2F9C8EEC1B4C63C800DC15E4 /* CoreGraphics.framework */,
				2F9C8EED1B4C63C800DC15E4 /* CoreImage.framework */,
				2F9C8EEE1B4C63C800DC15E4 /* CoreLocation.framework */,
				2F9C8EBE1B4C49F800DC15E4 /* Monster */,
				2F9C8EDA1B4C49F900DC15E4 /* MonsterTests */,
				2F9C8EBD1B4C49F800DC15E4 /* Products */,
			);
			sourceTree = "<group>";
		};
		2F9C8EBD1B4C49F800DC15E4 /* Products */ = {
			isa = PBXGroup;
			children = (
				2F9C8EBC1B4C49F800DC15E4 /* Monster.app */,
				2F9C8ED71B4C49F900DC15E4 /* MonsterTests.xctest */,
			);
			name = Products;
			sourceTree = "<group>";
		};
		2F9C8EBE1B4C49F800DC15E4 /* Monster */ = {
			isa = PBXGroup;
			children = (
				2F9C8EE71B4C631200DC15E4 /* Monster */,
				2F9C8EC31B4C49F800DC15E4 /* AppDelegate.h */,
				2F9C8EC41B4C49F800DC15E4 /* AppDelegate.m */,
				2F9C8EC61B4C49F900DC15E4 /* art.scnassets */,
				2F9C8EC81B4C49F900DC15E4 /* GameViewController.h */,
				2F9C8EC91B4C49F900DC15E4 /* GameViewController.m */,
				2F9C8ECB1B4C49F900DC15E4 /* Main.storyboard */,
				2F9C8ECE1B4C49F900DC15E4 /* Images.xcassets */,
				2F9C8ED01B4C49F900DC15E4 /* LaunchScreen.xib */,
				2F9C8EBF1B4C49F800DC15E4 /* Supporting Files */,
				2F9C8EFB1B4C80B800DC15E4 /* MyScene.sks */,
				611821DA158E6F0A232A17C7 /* Simulation */,
			);
			path = Monster;
			sourceTree = "<group>";
		};
		2F9C8EBF1B4C49F800DC15E4 /* Supporting Files */ = {
			isa = PBXGroup;
			children = (
				2F9C8EC01B4C49F800DC15E4 /* Info.plist */,
				2F9C8EC11B4C49F800DC15E4 /* main.m */,
				2F9C8EFA1B4C65B800DC15E4 /* PrefixHeader.pch */,
			);
			name = "Supporting Files";
			sourceTree = "<group>";
		};
		2F9C8EDA1B4C49F900DC15E4 /* MonsterTests */ = {
			isa = PBXGroup;
			children = (
				2F9C8EDD1B4C49F900DC15E4 /* MonsterTests.m */,
				2F9C8EDB1B4C49F900DC15E4 /* Supporting Files */,
			);
			path = MonsterTests;
			sourceTree = "<group>";
		};
		2F9C8EDB1B4C49F900DC15E4 /* Supporting Files */ = {
			isa = PBXGroup;
			children = (
				2F9C8EDC1B4C49F900DC15E4 /* Info.plist */,
			);
			name = "Supporting Files";
			sourceTree = "<group>";
		};
		2F9C8EE71B4C631200DC15E4 /* Monster */ = {
			isa = PBXGroup;
			children = (
				2F9C8EE81B4C634600DC15E4 /* SFMonster.h */,
				2F9C8EE91B4C634600DC15E4 /* SFMonster.m */,
				2F9C8EF71B4C659800DC15E4 /* SFPersonality.h */,
				2F9C8EF81B4C659800DC15E4 /* SFPersonality.m */,
				611828CD13D256777C181DE1 /* SFMood.m */,
				611822C880272884C1B090E8 /* SFMood.h */,
				611824F34474A01FAF2C6BDC /* SFFood.m */,
				61182857130F6057230D99A8 /* SFFood.h */,
				61182841AA691F8812400B52 /* SFAttribute.m */,
				61182B202D3483876178094B /* SFAttribute.h */,
			);
			name = Monster;
			sourceTree = "<group>";
		};
		611821DA158E6F0A232A17C7 /* Simulation */ = {
			isa = PBXGroup;
			children = (
				611823D4221551BECEF534E4 /* SFAction.m */,
				6118222506438E403369619A /* SFAction.h */,
				61182971C4B2E636D92F9C6C /* SFConsequence.m */,
				61182B420D72A4EF8C046CCE /* SFConsequence.h */,
				611827A240A956F2B19571AD /* SFSimulation.h */,
				61182F454B32946C49AC5B96 /* SFSimulation.m */,
				611823E62110AE3C87A0C9F5 /* SFSimulatable.h */,
			);
			path = Simulation;
			sourceTree = "<group>";
		};
/* End PBXGroup section */

/* Begin PBXNativeTarget section */
		2F9C8EBB1B4C49F800DC15E4 /* Monster */ = {
			isa = PBXNativeTarget;
			buildConfigurationList = 2F9C8EE11B4C49F900DC15E4 /* Build configuration list for PBXNativeTarget "Monster" */;
			buildPhases = (
				2F9C8EB81B4C49F800DC15E4 /* Sources */,
				2F9C8EB91B4C49F800DC15E4 /* Frameworks */,
				2F9C8EBA1B4C49F800DC15E4 /* Resources */,
			);
			buildRules = (
			);
			dependencies = (
			);
			name = Monster;
			productName = Monster;
			productReference = 2F9C8EBC1B4C49F800DC15E4 /* Monster.app */;
			productType = "com.apple.product-type.application";
		};
		2F9C8ED61B4C49F900DC15E4 /* MonsterTests */ = {
			isa = PBXNativeTarget;
			buildConfigurationList = 2F9C8EE41B4C49F900DC15E4 /* Build configuration list for PBXNativeTarget "MonsterTests" */;
			buildPhases = (
				2F9C8ED31B4C49F900DC15E4 /* Sources */,
				2F9C8ED41B4C49F900DC15E4 /* Frameworks */,
				2F9C8ED51B4C49F900DC15E4 /* Resources */,
			);
			buildRules = (
			);
			dependencies = (
				2F9C8ED91B4C49F900DC15E4 /* PBXTargetDependency */,
			);
			name = MonsterTests;
			productName = MonsterTests;
			productReference = 2F9C8ED71B4C49F900DC15E4 /* MonsterTests.xctest */;
			productType = "com.apple.product-type.bundle.unit-test";
		};
/* End PBXNativeTarget section */

/* Begin PBXProject section */
		2F9C8EB41B4C49F800DC15E4 /* Project object */ = {
			isa = PBXProject;
			attributes = {
				LastUpgradeCheck = 0640;
				ORGANIZATIONNAME = "Kaili Hill";
				TargetAttributes = {
					2F9C8EBB1B4C49F800DC15E4 = {
						CreatedOnToolsVersion = 6.4;
					};
					2F9C8ED61B4C49F900DC15E4 = {
						CreatedOnToolsVersion = 6.4;
						TestTargetID = 2F9C8EBB1B4C49F800DC15E4;
					};
				};
			};
			buildConfigurationList = 2F9C8EB71B4C49F800DC15E4 /* Build configuration list for PBXProject "Monster" */;
			compatibilityVersion = "Xcode 3.2";
			developmentRegion = English;
			hasScannedForEncodings = 0;
			knownRegions = (
				en,
				Base,
			);
			mainGroup = 2F9C8EB31B4C49F800DC15E4;
			productRefGroup = 2F9C8EBD1B4C49F800DC15E4 /* Products */;
			projectDirPath = "";
			projectRoot = "";
			targets = (
				2F9C8EBB1B4C49F800DC15E4 /* Monster */,
				2F9C8ED61B4C49F900DC15E4 /* MonsterTests */,
			);
		};
/* End PBXProject section */

/* Begin PBXResourcesBuildPhase section */
		2F9C8EBA1B4C49F800DC15E4 /* Resources */ = {
			isa = PBXResourcesBuildPhase;
			buildActionMask = 2147483647;
			files = (
				2F9C8ED21B4C49F900DC15E4 /* LaunchScreen.xib in Resources */,
				2F9C8ECF1B4C49F900DC15E4 /* Images.xcassets in Resources */,
				2F9C8EFC1B4C80B800DC15E4 /* MyScene.sks in Resources */,
				2F9C8EC71B4C49F900DC15E4 /* art.scnassets in Resources */,
				2F9C8ECD1B4C49F900DC15E4 /* Main.storyboard in Resources */,
			);
			runOnlyForDeploymentPostprocessing = 0;
		};
		2F9C8ED51B4C49F900DC15E4 /* Resources */ = {
			isa = PBXResourcesBuildPhase;
			buildActionMask = 2147483647;
			files = (
			);
			runOnlyForDeploymentPostprocessing = 0;
		};
/* End PBXResourcesBuildPhase section */

/* Begin PBXSourcesBuildPhase section */
		2F9C8EB81B4C49F800DC15E4 /* Sources */ = {
			isa = PBXSourcesBuildPhase;
			buildActionMask = 2147483647;
			files = (
				2F9C8EC51B4C49F800DC15E4 /* AppDelegate.m in Sources */,
				2F9C8ECA1B4C49F900DC15E4 /* GameViewController.m in Sources */,
				2F9C8EC21B4C49F800DC15E4 /* main.m in Sources */,
				2F9C8EEA1B4C634600DC15E4 /* SFMonster.m in Sources */,
				2F9C8EF91B4C659800DC15E4 /* SFPersonality.m in Sources */,
				6118269DFB11349456140FE2 /* SFMood.m in Sources */,
				61182234E8334B8A11812FFC /* SFFood.m in Sources */,
				61182E877688F6AF7B63BC28 /* SFAction.m in Sources */,
				611829F7A8818722CB7CB482 /* SFConsequence.m in Sources */,
				61182791D7B0624A1256FCE3 /* SFSimulation.m in Sources */,
				611823B9DD920F7ED3CB7AA3 /* SFAttribute.m in Sources */,
			);
			runOnlyForDeploymentPostprocessing = 0;
		};
		2F9C8ED31B4C49F900DC15E4 /* Sources */ = {
			isa = PBXSourcesBuildPhase;
			buildActionMask = 2147483647;
			files = (
				2F9C8EDE1B4C49F900DC15E4 /* MonsterTests.m in Sources */,
			);
			runOnlyForDeploymentPostprocessing = 0;
		};
/* End PBXSourcesBuildPhase section */

/* Begin PBXTargetDependency section */
		2F9C8ED91B4C49F900DC15E4 /* PBXTargetDependency */ = {
			isa = PBXTargetDependency;
			target = 2F9C8EBB1B4C49F800DC15E4 /* Monster */;
			targetProxy = 2F9C8ED81B4C49F900DC15E4 /* PBXContainerItemProxy */;
		};
/* End PBXTargetDependency section */

/* Begin PBXVariantGroup section */
		2F9C8ECB1B4C49F900DC15E4 /* Main.storyboard */ = {
			isa = PBXVariantGroup;
			children = (
				2F9C8ECC1B4C49F900DC15E4 /* Base */,
			);
			name = Main.storyboard;
			sourceTree = "<group>";
		};
		2F9C8ED01B4C49F900DC15E4 /* LaunchScreen.xib */ = {
			isa = PBXVariantGroup;
			children = (
				2F9C8ED11B4C49F900DC15E4 /* Base */,
			);
			name = LaunchScreen.xib;
			sourceTree = "<group>";
		};
/* End PBXVariantGroup section */

/* Begin XCBuildConfiguration section */
		2F9C8EDF1B4C49F900DC15E4 /* Debug */ = {
			isa = XCBuildConfiguration;
			buildSettings = {
				ALWAYS_SEARCH_USER_PATHS = NO;
				CLANG_CXX_LANGUAGE_STANDARD = "gnu++0x";
				CLANG_CXX_LIBRARY = "libc++";
				CLANG_ENABLE_MODULES = YES;
				CLANG_ENABLE_OBJC_ARC = YES;
				CLANG_WARN_BOOL_CONVERSION = YES;
				CLANG_WARN_CONSTANT_CONVERSION = YES;
				CLANG_WARN_DIRECT_OBJC_ISA_USAGE = YES_ERROR;
				CLANG_WARN_EMPTY_BODY = YES;
				CLANG_WARN_ENUM_CONVERSION = YES;
				CLANG_WARN_INT_CONVERSION = YES;
				CLANG_WARN_OBJC_ROOT_CLASS = YES_ERROR;
				CLANG_WARN_UNREACHABLE_CODE = YES;
				CLANG_WARN__DUPLICATE_METHOD_MATCH = YES;
				"CODE_SIGN_IDENTITY[sdk=iphoneos*]" = "iPhone Developer";
				COPY_PHASE_STRIP = NO;
				DEBUG_INFORMATION_FORMAT = "dwarf-with-dsym";
				ENABLE_STRICT_OBJC_MSGSEND = YES;
				GCC_C_LANGUAGE_STANDARD = gnu99;
				GCC_DYNAMIC_NO_PIC = NO;
				GCC_NO_COMMON_BLOCKS = YES;
				GCC_OPTIMIZATION_LEVEL = 0;
				GCC_PREPROCESSOR_DEFINITIONS = (
					"DEBUG=1",
					"$(inherited)",
				);
				GCC_SYMBOLS_PRIVATE_EXTERN = NO;
				GCC_WARN_64_TO_32_BIT_CONVERSION = YES;
				GCC_WARN_ABOUT_RETURN_TYPE = YES_ERROR;
				GCC_WARN_UNDECLARED_SELECTOR = YES;
				GCC_WARN_UNINITIALIZED_AUTOS = YES_AGGRESSIVE;
				GCC_WARN_UNUSED_FUNCTION = YES;
				GCC_WARN_UNUSED_VARIABLE = YES;
				IPHONEOS_DEPLOYMENT_TARGET = 8.4;
				MTL_ENABLE_DEBUG_INFO = YES;
				ONLY_ACTIVE_ARCH = YES;
				SDKROOT = iphoneos;
				TARGETED_DEVICE_FAMILY = "1,2";
			};
			name = Debug;
		};
		2F9C8EE01B4C49F900DC15E4 /* Release */ = {
			isa = XCBuildConfiguration;
			buildSettings = {
				ALWAYS_SEARCH_USER_PATHS = NO;
				CLANG_CXX_LANGUAGE_STANDARD = "gnu++0x";
				CLANG_CXX_LIBRARY = "libc++";
				CLANG_ENABLE_MODULES = YES;
				CLANG_ENABLE_OBJC_ARC = YES;
				CLANG_WARN_BOOL_CONVERSION = YES;
				CLANG_WARN_CONSTANT_CONVERSION = YES;
				CLANG_WARN_DIRECT_OBJC_ISA_USAGE = YES_ERROR;
				CLANG_WARN_EMPTY_BODY = YES;
				CLANG_WARN_ENUM_CONVERSION = YES;
				CLANG_WARN_INT_CONVERSION = YES;
				CLANG_WARN_OBJC_ROOT_CLASS = YES_ERROR;
				CLANG_WARN_UNREACHABLE_CODE = YES;
				CLANG_WARN__DUPLICATE_METHOD_MATCH = YES;
				"CODE_SIGN_IDENTITY[sdk=iphoneos*]" = "iPhone Developer";
				COPY_PHASE_STRIP = NO;
				DEBUG_INFORMATION_FORMAT = "dwarf-with-dsym";
				ENABLE_NS_ASSERTIONS = NO;
				ENABLE_STRICT_OBJC_MSGSEND = YES;
				GCC_C_LANGUAGE_STANDARD = gnu99;
				GCC_NO_COMMON_BLOCKS = YES;
				GCC_WARN_64_TO_32_BIT_CONVERSION = YES;
				GCC_WARN_ABOUT_RETURN_TYPE = YES_ERROR;
				GCC_WARN_UNDECLARED_SELECTOR = YES;
				GCC_WARN_UNINITIALIZED_AUTOS = YES_AGGRESSIVE;
				GCC_WARN_UNUSED_FUNCTION = YES;
				GCC_WARN_UNUSED_VARIABLE = YES;
				IPHONEOS_DEPLOYMENT_TARGET = 8.4;
				MTL_ENABLE_DEBUG_INFO = NO;
				SDKROOT = iphoneos;
				TARGETED_DEVICE_FAMILY = "1,2";
				VALIDATE_PRODUCT = YES;
			};
			name = Release;
		};
		2F9C8EE21B4C49F900DC15E4 /* Debug */ = {
			isa = XCBuildConfiguration;
			buildSettings = {
				ASSETCATALOG_COMPILER_APPICON_NAME = AppIcon;
				GCC_PRECOMPILE_PREFIX_HEADER = YES;
				GCC_PREFIX_HEADER = Monster/PrefixHeader.pch;
				INFOPLIST_FILE = Monster/Info.plist;
				LD_RUNPATH_SEARCH_PATHS = "$(inherited) @executable_path/Frameworks";
				PRODUCT_NAME = "$(TARGET_NAME)";
			};
			name = Debug;
		};
		2F9C8EE31B4C49F900DC15E4 /* Release */ = {
			isa = XCBuildConfiguration;
			buildSettings = {
				ASSETCATALOG_COMPILER_APPICON_NAME = AppIcon;
				GCC_PRECOMPILE_PREFIX_HEADER = YES;
				GCC_PREFIX_HEADER = Monster/PrefixHeader.pch;
				INFOPLIST_FILE = Monster/Info.plist;
				LD_RUNPATH_SEARCH_PATHS = "$(inherited) @executable_path/Frameworks";
				PRODUCT_NAME = "$(TARGET_NAME)";
			};
			name = Release;
		};
		2F9C8EE51B4C49F900DC15E4 /* Debug */ = {
			isa = XCBuildConfiguration;
			buildSettings = {
				BUNDLE_LOADER = "$(TEST_HOST)";
				FRAMEWORK_SEARCH_PATHS = (
					"$(SDKROOT)/Developer/Library/Frameworks",
					"$(inherited)",
				);
				GCC_PREPROCESSOR_DEFINITIONS = (
					"DEBUG=1",
					"$(inherited)",
				);
				INFOPLIST_FILE = MonsterTests/Info.plist;
				LD_RUNPATH_SEARCH_PATHS = "$(inherited) @executable_path/Frameworks @loader_path/Frameworks";
				PRODUCT_NAME = "$(TARGET_NAME)";
				TEST_HOST = "$(BUILT_PRODUCTS_DIR)/Monster.app/Monster";
			};
			name = Debug;
		};
		2F9C8EE61B4C49F900DC15E4 /* Release */ = {
			isa = XCBuildConfiguration;
			buildSettings = {
				BUNDLE_LOADER = "$(TEST_HOST)";
				FRAMEWORK_SEARCH_PATHS = (
					"$(SDKROOT)/Developer/Library/Frameworks",
					"$(inherited)",
				);
				INFOPLIST_FILE = MonsterTests/Info.plist;
				LD_RUNPATH_SEARCH_PATHS = "$(inherited) @executable_path/Frameworks @loader_path/Frameworks";
				PRODUCT_NAME = "$(TARGET_NAME)";
				TEST_HOST = "$(BUILT_PRODUCTS_DIR)/Monster.app/Monster";
			};
			name = Release;
		};
/* End XCBuildConfiguration section */

/* Begin XCConfigurationList section */
		2F9C8EB71B4C49F800DC15E4 /* Build configuration list for PBXProject "Monster" */ = {
			isa = XCConfigurationList;
			buildConfigurations = (
				2F9C8EDF1B4C49F900DC15E4 /* Debug */,
				2F9C8EE01B4C49F900DC15E4 /* Release */,
			);
			defaultConfigurationIsVisible = 0;
			defaultConfigurationName = Release;
		};
		2F9C8EE11B4C49F900DC15E4 /* Build configuration list for PBXNativeTarget "Monster" */ = {
			isa = XCConfigurationList;
			buildConfigurations = (
				2F9C8EE21B4C49F900DC15E4 /* Debug */,
				2F9C8EE31B4C49F900DC15E4 /* Release */,
			);
			defaultConfigurationIsVisible = 0;
			defaultConfigurationName = Release;
		};
		2F9C8EE41B4C49F900DC15E4 /* Build configuration list for PBXNativeTarget "MonsterTests" */ = {
			isa = XCConfigurationList;
			buildConfigurations = (
				2F9C8EE51B4C49F900DC15E4 /* Debug */,
				2F9C8EE61B4C49F900DC15E4 /* Release */,
			);
			defaultConfigurationIsVisible = 0;
			defaultConfigurationName = Release;
		};
/* End XCConfigurationList section */
	};
	rootObject = 2F9C8EB41B4C49F800DC15E4 /* Project object */;
}
